
Microsoft Visual Studio Solution File, Format Version 12.00
# Visual Studio Version 16
VisualStudioVersion = 16.0.30104.148
MinimumVisualStudioVersion = 10.0.40219.1
Project("{FAE04EC0-301F-11D3-BF4B-00C04F79EFBC}") = "DocumentLibrary", "DocumentLibrary\DocumentLibrary.csproj", "{664A7519-BE5B-407D-BD89-BBF3C1C04536}"
EndProject
Global
	GlobalSection(SolutionConfigurationPlatforms) = preSolution
		Debug|Any CPU = Debug|Any CPU
		Release|Any CPU = Release|Any CPU
	EndGlobalSection
	GlobalSection(ProjectConfigurationPlatforms) = postSolution
		{664A7519-BE5B-407D-BD89-BBF3C1C04536}.Debug|Any CPU.ActiveCfg = Debug|Any CPU
		{664A7519-BE5B-407D-BD89-BBF3C1C04536}.Debug|Any CPU.Build.0 = Debug|Any CPU
		{664A7519-BE5B-407D-BD89-BBF3C1C04536}.Release|Any CPU.ActiveCfg = Release|Any CPU
		{664A7519-BE5B-407D-BD89-BBF3C1C04536}.Release|Any CPU.Build.0 = Release|Any CPU
	EndGlobalSection
	GlobalSection(SolutionProperties) = preSolution
		HideSolutionNode = FALSE
	EndGlobalSection
	GlobalSection(ExtensibilityGlobals) = postSolution
		SolutionGuid = {667746EF-06C8-45F8-9DF1-A345EA496970}
	EndGlobalSection
EndGlobal
